
Microsoft Visual Studio Solution File, Format Version 12.00
# Visual Studio 15
VisualStudioVersion = 15.0.27703.2035
MinimumVisualStudioVersion = 10.0.40219.1
Project("{FAE04EC0-301F-11D3-BF4B-00C04F79EFBC}") = "FileIOSample", "FileIOSample\FileIOSample.csproj", "{BC134AF4-B45B-4EFC-BDFD-864C254589A8}"
EndProject
Global
	GlobalSection(SolutionConfigurationPlatforms) = preSolution
		Debug|Any CPU = Debug|Any CPU
		Release|Any CPU = Release|Any CPU
	EndGlobalSection
	GlobalSection(ProjectConfigurationPlatforms) = postSolution
		{BC134AF4-B45B-4EFC-BDFD-864C254589A8}.Debug|Any CPU.ActiveCfg = Debug|Any CPU
		{BC134AF4-B45B-4EFC-BDFD-864C254589A8}.Debug|Any CPU.Build.0 = Debug|Any CPU
		{BC134AF4-B45B-4EFC-BDFD-864C254589A8}.Release|Any CPU.ActiveCfg = Release|Any CPU
		{BC134AF4-B45B-4EFC-BDFD-864C254589A8}.Release|Any CPU.Build.0 = Release|Any CPU
	EndGlobalSection
	GlobalSection(SolutionProperties) = preSolution
		HideSolutionNode = FALSE
	EndGlobalSection
	GlobalSection(ExtensibilityGlobals) = postSolution
		SolutionGuid = {750DBC4E-1F24-453D-9E94-AA7605CCAEBA}
	EndGlobalSection
EndGlobal
